{
  "version": 4,
  "terraform_version": "1.1.6",
  "serial": 13,
  "lineage": "9e3bcf91-f8c9-1922-c4bc-f559df92fd16",
  "outputs": {},
  "resources": [
    {
      "mode": "managed",
      "type": "azurerm_storage_account",
      "name": "storage-account",
      "provider": "provider[\"registry.terraform.io/hashicorp/azurerm\"]",
      "instances": [
        {
          "schema_version": 2,
          "attributes": {
            "access_tier": "Hot",
            "account_kind": "StorageV2",
            "account_replication_type": "GRS",
            "account_tier": "Standard",
            "allow_blob_public_access": false,
            "azure_files_authentication": [],
            "blob_properties": [
              {
                "change_feed_enabled": false,
                "container_delete_retention_policy": [],
                "cors_rule": [],
                "default_service_version": "",
                "delete_retention_policy": [],
                "last_access_time_enabled": false,
                "versioning_enabled": false
              }
            ],
            "custom_domain": [],
            "customer_managed_key": [],
            "enable_https_traffic_only": true,
            "id": "/subscriptions/22dbf55c-1f51-442a-bd1b-25e24d22a47e/resourceGroups/rg-stgacc/providers/Microsoft.Storage/storageAccounts/stgaccplay007",
            "identity": [],
            "infrastructure_encryption_enabled": false,
            "is_hns_enabled": false,
            "large_file_share_enabled": null,
            "location": "westeurope",
            "min_tls_version": "TLS1_0",
            "name": "stgaccplay007",
            "network_rules": [
              {
                "bypass": [
                  "AzureServices"
                ],
                "default_action": "Allow",
                "ip_rules": [],
                "private_link_access": [],
                "virtual_network_subnet_ids": []
              }
            ],
            "nfsv3_enabled": false,
            "primary_access_key": "1pUpu9kCoj17B6hbHoh5lbA1EDyz8y7OO57jRLaEVngt70Laa3d74r6n15oyV/JshLsZ/0KBPN2PnXiDhEXhiA==",
            "primary_blob_connection_string": "DefaultEndpointsProtocol=https;BlobEndpoint=https://stgaccplay007.blob.core.windows.net/;AccountName=stgaccplay007;AccountKey=1pUpu9kCoj17B6hbHoh5lbA1EDyz8y7OO57jRLaEVngt70Laa3d74r6n15oyV/JshLsZ/0KBPN2PnXiDhEXhiA==",
            "primary_blob_endpoint": "https://stgaccplay007.blob.core.windows.net/",
            "primary_blob_host": "stgaccplay007.blob.core.windows.net",
            "primary_connection_string": "DefaultEndpointsProtocol=https;AccountName=stgaccplay007;AccountKey=1pUpu9kCoj17B6hbHoh5lbA1EDyz8y7OO57jRLaEVngt70Laa3d74r6n15oyV/JshLsZ/0KBPN2PnXiDhEXhiA==;EndpointSuffix=core.windows.net",
            "primary_dfs_endpoint": "https://stgaccplay007.dfs.core.windows.net/",
            "primary_dfs_host": "stgaccplay007.dfs.core.windows.net",
            "primary_file_endpoint": "https://stgaccplay007.file.core.windows.net/",
            "primary_file_host": "stgaccplay007.file.core.windows.net",
            "primary_location": "westeurope",
            "primary_queue_endpoint": "https://stgaccplay007.queue.core.windows.net/",
            "primary_queue_host": "stgaccplay007.queue.core.windows.net",
            "primary_table_endpoint": "https://stgaccplay007.table.core.windows.net/",
            "primary_table_host": "stgaccplay007.table.core.windows.net",
            "primary_web_endpoint": "https://stgaccplay007.z6.web.core.windows.net/",
            "primary_web_host": "stgaccplay007.z6.web.core.windows.net",
            "queue_encryption_key_type": "Service",
            "queue_properties": [
              {
                "cors_rule": [],
                "hour_metrics": [
                  {
                    "enabled": true,
                    "include_apis": true,
                    "retention_policy_days": 7,
                    "version": "1.0"
                  }
                ],
                "logging": [
                  {
                    "delete": false,
                    "read": false,
                    "retention_policy_days": 0,
                    "version": "1.0",
                    "write": false
                  }
                ],
                "minute_metrics": [
                  {
                    "enabled": false,
                    "include_apis": false,
                    "retention_policy_days": 0,
                    "version": "1.0"
                  }
                ]
              }
            ],
            "resource_group_name": "rg-stgacc",
            "routing": [],
            "secondary_access_key": "limyeBLQ6HhVhQ+guaNhKnlyoRrxO4KjDnDuT/XTHeq0AnDCCTAVc/f+94Zk+0jJxSuvhDQ6yu5varzTNk9u6Q==",
            "secondary_blob_connection_string": "",
            "secondary_blob_endpoint": null,
            "secondary_blob_host": null,
            "secondary_connection_string": "DefaultEndpointsProtocol=https;AccountName=stgaccplay007;AccountKey=limyeBLQ6HhVhQ+guaNhKnlyoRrxO4KjDnDuT/XTHeq0AnDCCTAVc/f+94Zk+0jJxSuvhDQ6yu5varzTNk9u6Q==;EndpointSuffix=core.windows.net",
            "secondary_dfs_endpoint": null,
            "secondary_dfs_host": null,
            "secondary_file_endpoint": null,
            "secondary_file_host": null,
            "secondary_location": "northeurope",
            "secondary_queue_endpoint": null,
            "secondary_queue_host": null,
            "secondary_table_endpoint": null,
            "secondary_table_host": null,
            "secondary_web_endpoint": null,
            "secondary_web_host": null,
            "share_properties": [
              {
                "cors_rule": [],
                "retention_policy": [
                  {
                    "days": 7
                  }
                ],
                "smb": []
              }
            ],
            "shared_access_key_enabled": true,
            "static_website": [],
            "table_encryption_key_type": "Service",
            "tags": {},
            "timeouts": null
          },
          "sensitive_attributes": [],
          "private": "eyJlMmJmYjczMC1lY2FhLTExZTYtOGY4OC0zNDM2M2JjN2M0YzAiOnsiY3JlYXRlIjozNjAwMDAwMDAwMDAwLCJkZWxldGUiOjM2MDAwMDAwMDAwMDAsInJlYWQiOjMwMDAwMDAwMDAwMCwidXBkYXRlIjozNjAwMDAwMDAwMDAwfSwic2NoZW1hX3ZlcnNpb24iOiIyIn0="
        }
      ]
    },
    {
      "mode": "managed",
      "type": "azurerm_storage_container",
      "name": "blob-container",
      "provider": "provider[\"registry.terraform.io/hashicorp/azurerm\"]",
      "instances": [
        {
          "schema_version": 1,
          "attributes": {
            "container_access_type": "private",
            "has_immutability_policy": false,
            "has_legal_hold": false,
            "id": "https://stgaccplay007.blob.core.windows.net/mycontainer",
            "metadata": {},
            "name": "mycontainer",
            "resource_manager_id": "/subscriptions/22dbf55c-1f51-442a-bd1b-25e24d22a47e/resourceGroups/rg-stgacc/providers/Microsoft.Storage/storageAccounts/stgaccplay007/blobServices/default/containers/mycontainer",
            "storage_account_name": "stgaccplay007",
            "timeouts": null
          },
          "sensitive_attributes": [],
          "private": "eyJlMmJmYjczMC1lY2FhLTExZTYtOGY4OC0zNDM2M2JjN2M0YzAiOnsiY3JlYXRlIjoxODAwMDAwMDAwMDAwLCJkZWxldGUiOjE4MDAwMDAwMDAwMDAsInJlYWQiOjMwMDAwMDAwMDAwMCwidXBkYXRlIjoxODAwMDAwMDAwMDAwfSwic2NoZW1hX3ZlcnNpb24iOiIxIn0=",
          "dependencies": [
            "azurerm_storage_account.storage-account"
          ]
        }
      ]
    }
  ]
}
